// !$*UTF8*$!
{
	archiveVersion = 1;
	classes = {
	};
	objectVersion = 46;
	objects = {

/* Begin PBXBuildFile section */
		9B49F7691F2986BE00C0DA86 /* AppDelegate.swift in Sources */ = {isa = PBXBuildFile; fileRef = 9B49F7681F2986BE00C0DA86 /* AppDelegate.swift */; };
		9B49F76B1F2986BE00C0DA86 /* ViewController.swift in Sources */ = {isa = PBXBuildFile; fileRef = 9B49F76A1F2986BE00C0DA86 /* ViewController.swift */; };
		9B49F76E1F2986BE00C0DA86 /* Main.storyboard in Resources */ = {isa = PBXBuildFile; fileRef = 9B49F76C1F2986BE00C0DA86 /* Main.storyboard */; };
		9B49F7701F2986BE00C0DA86 /* Assets.xcassets in Resources */ = {isa = PBXBuildFile; fileRef = 9B49F76F1F2986BE00C0DA86 /* Assets.xcassets */; };
		9B49F7731F2986BE00C0DA86 /* LaunchScreen.storyboard in Resources */ = {isa = PBXBuildFile; fileRef = 9B49F7711F2986BE00C0DA86 /* LaunchScreen.storyboard */; };
		9B49F77E1F2986BE00C0DA86 /* WhereToEatSwiftTests.swift in Sources */ = {isa = PBXBuildFile; fileRef = 9B49F77D1F2986BE00C0DA86 /* WhereToEatSwiftTests.swift */; };
		9B49F7891F2986BF00C0DA86 /* WhereToEatSwiftUITests.swift in Sources */ = {isa = PBXBuildFile; fileRef = 9B49F7881F2986BF00C0DA86 /* WhereToEatSwiftUITests.swift */; };
		9BB8B17D1F38534000920C40 /* RootTabbarController.swift in Sources */ = {isa = PBXBuildFile; fileRef = 9BB8B17C1F38534000920C40 /* RootTabbarController.swift */; };
		9BB8B18C1F385C8400920C40 /* CommonMacros.swift in Sources */ = {isa = PBXBuildFile; fileRef = 9BB8B18B1F385C8400920C40 /* CommonMacros.swift */; };
		9BB8B1921F3AAA9A00920C40 /* XLSphereView.m in Sources */ = {isa = PBXBuildFile; fileRef = 9BB8B1911F3AAA9A00920C40 /* XLSphereView.m */; };
		9BB8B1A51F3DA75100920C40 /* BaiduMapAPI_Base.framework in Frameworks */ = {isa = PBXBuildFile; fileRef = 9BB8B19C1F3DA75100920C40 /* BaiduMapAPI_Base.framework */; };
		9BB8B1A61F3DA75100920C40 /* BaiduMapAPI_Location.framework in Frameworks */ = {isa = PBXBuildFile; fileRef = 9BB8B19D1F3DA75100920C40 /* BaiduMapAPI_Location.framework */; };
		9BB8B1A71F3DA75100920C40 /* BaiduMapAPI_Map.framework in Frameworks */ = {isa = PBXBuildFile; fileRef = 9BB8B19E1F3DA75100920C40 /* BaiduMapAPI_Map.framework */; };
		9BB8B1A81F3DA75100920C40 /* BaiduMapAPI_Search.framework in Frameworks */ = {isa = PBXBuildFile; fileRef = 9BB8B19F1F3DA75100920C40 /* BaiduMapAPI_Search.framework */; };
		9BB8B1A91F3DA75100920C40 /* BaiduMapAPI_Utils.framework in Frameworks */ = {isa = PBXBuildFile; fileRef = 9BB8B1A01F3DA75100920C40 /* BaiduMapAPI_Utils.framework */; };
		9BB8B1AA1F3DA75100920C40 /* mapapi.bundle in Resources */ = {isa = PBXBuildFile; fileRef = 9BB8B1A11F3DA75100920C40 /* mapapi.bundle */; };
		9BB8B1AB1F3DA75100920C40 /* libcrypto.a in Frameworks */ = {isa = PBXBuildFile; fileRef = 9BB8B1A31F3DA75100920C40 /* libcrypto.a */; };
		9BB8B1AC1F3DA75100920C40 /* libssl.a in Frameworks */ = {isa = PBXBuildFile; fileRef = 9BB8B1A41F3DA75100920C40 /* libssl.a */; };
		9BB8B1AF1F3DA84D00920C40 /* CoreTelephony.framework in Frameworks */ = {isa = PBXBuildFile; fileRef = 9BB8B1AE1F3DA84D00920C40 /* CoreTelephony.framework */; };
		9BB8B1B11F3DA87400920C40 /* QuartzCore.framework in Frameworks */ = {isa = PBXBuildFile; fileRef = 9BB8B1B01F3DA87400920C40 /* QuartzCore.framework */; };
		9BB8B1B31F3DA88200920C40 /* OpenGLES.framework in Frameworks */ = {isa = PBXBuildFile; fileRef = 9BB8B1B21F3DA88200920C40 /* OpenGLES.framework */; };
		9BB8B1B51F3DA88D00920C40 /* SystemConfiguration.framework in Frameworks */ = {isa = PBXBuildFile; fileRef = 9BB8B1B41F3DA88D00920C40 /* SystemConfiguration.framework */; };
		9BB8B1B71F3DA89900920C40 /* CoreGraphics.framework in Frameworks */ = {isa = PBXBuildFile; fileRef = 9BB8B1B61F3DA89900920C40 /* CoreGraphics.framework */; };
		9BB8B1B91F3DA8A100920C40 /* Security.framework in Frameworks */ = {isa = PBXBuildFile; fileRef = 9BB8B1B81F3DA8A100920C40 /* Security.framework */; };
		9BB8B1BB1F3DA8B300920C40 /* libsqlite3.0.tbd in Frameworks */ = {isa = PBXBuildFile; fileRef = 9BB8B1BA1F3DA8B300920C40 /* libsqlite3.0.tbd */; };
		9BB8B1BD1F3DA8C800920C40 /* CoreLocation.framework in Frameworks */ = {isa = PBXBuildFile; fileRef = 9BB8B1BC1F3DA8C800920C40 /* CoreLocation.framework */; };
		9BB8B1BF1F3DA8D200920C40 /* libstdc++.6.0.9.tbd in Frameworks */ = {isa = PBXBuildFile; fileRef = 9BB8B1BE1F3DA8D200920C40 /* libstdc++.6.0.9.tbd */; };
		9BB8B1C31F3DAC3400920C40 /* MapSearchViewController.swift in Sources */ = {isa = PBXBuildFile; fileRef = 9BB8B1C21F3DAC3400920C40 /* MapSearchViewController.swift */; };
/* End PBXBuildFile section */

/* Begin PBXContainerItemProxy section */
		9B49F77A1F2986BE00C0DA86 /* PBXContainerItemProxy */ = {
			isa = PBXContainerItemProxy;
			containerPortal = 9B49F75D1F2986BD00C0DA86 /* Project object */;
			proxyType = 1;
			remoteGlobalIDString = 9B49F7641F2986BD00C0DA86;
			remoteInfo = WhereToEatSwift;
		};
		9B49F7851F2986BF00C0DA86 /* PBXContainerItemProxy */ = {
			isa = PBXContainerItemProxy;
			containerPortal = 9B49F75D1F2986BD00C0DA86 /* Project object */;
			proxyType = 1;
			remoteGlobalIDString = 9B49F7641F2986BD00C0DA86;
			remoteInfo = WhereToEatSwift;
		};
/* End PBXContainerItemProxy section */

/* Begin PBXFileReference section */
		9B49F7651F2986BE00C0DA86 /* WhereToEatSwift.app */ = {isa = PBXFileReference; explicitFileType = wrapper.application; includeInIndex = 0; path = WhereToEatSwift.app; sourceTree = BUILT_PRODUCTS_DIR; };
		9B49F7681F2986BE00C0DA86 /* AppDelegate.swift */ = {isa = PBXFileReference; lastKnownFileType = sourcecode.swift; name = AppDelegate.swift; path = ../AppDelegate.swift; sourceTree = "<group>"; };
		9B49F76A1F2986BE00C0DA86 /* ViewController.swift */ = {isa = PBXFileReference; lastKnownFileType = sourcecode.swift; name = ViewController.swift; path = ../../ViewController.swift; sourceTree = "<group>"; };
		9B49F76D1F2986BE00C0DA86 /* Base */ = {isa = PBXFileReference; lastKnownFileType = file.storyboard; name = Base; path = Base.lproj/Main.storyboard; sourceTree = "<group>"; };
		9B49F76F1F2986BE00C0DA86 /* Assets.xcassets */ = {isa = PBXFileReference; lastKnownFileType = folder.assetcatalog; path = Assets.xcassets; sourceTree = "<group>"; };
		9B49F7721F2986BE00C0DA86 /* Base */ = {isa = PBXFileReference; lastKnownFileType = file.storyboard; name = Base; path = Base.lproj/LaunchScreen.storyboard; sourceTree = "<group>"; };
		9B49F7741F2986BE00C0DA86 /* Info.plist */ = {isa = PBXFileReference; lastKnownFileType = text.plist.xml; path = Info.plist; sourceTree = "<group>"; };
		9B49F7791F2986BE00C0DA86 /* WhereToEatSwiftTests.xctest */ = {isa = PBXFileReference; explicitFileType = wrapper.cfbundle; includeInIndex = 0; path = WhereToEatSwiftTests.xctest; sourceTree = BUILT_PRODUCTS_DIR; };
		9B49F77D1F2986BE00C0DA86 /* WhereToEatSwiftTests.swift */ = {isa = PBXFileReference; lastKnownFileType = sourcecode.swift; path = WhereToEatSwiftTests.swift; sourceTree = "<group>"; };
		9B49F77F1F2986BF00C0DA86 /* Info.plist */ = {isa = PBXFileReference; lastKnownFileType = text.plist.xml; path = Info.plist; sourceTree = "<group>"; };
		9B49F7841F2986BF00C0DA86 /* WhereToEatSwiftUITests.xctest */ = {isa = PBXFileReference; explicitFileType = wrapper.cfbundle; includeInIndex = 0; path = WhereToEatSwiftUITests.xctest; sourceTree = BUILT_PRODUCTS_DIR; };
		9B49F7881F2986BF00C0DA86 /* WhereToEatSwiftUITests.swift */ = {isa = PBXFileReference; lastKnownFileType = sourcecode.swift; path = WhereToEatSwiftUITests.swift; sourceTree = "<group>"; };
		9B49F78A1F2986BF00C0DA86 /* Info.plist */ = {isa = PBXFileReference; lastKnownFileType = text.plist.xml; path = Info.plist; sourceTree = "<group>"; };
		9BB8B17C1F38534000920C40 /* RootTabbarController.swift */ = {isa = PBXFileReference; fileEncoding = 4; lastKnownFileType = sourcecode.swift; name = RootTabbarController.swift; path = ../../RootTabbarController.swift; sourceTree = "<group>"; };
		9BB8B18B1F385C8400920C40 /* CommonMacros.swift */ = {isa = PBXFileReference; fileEncoding = 4; lastKnownFileType = sourcecode.swift; path = CommonMacros.swift; sourceTree = "<group>"; };
		9BB8B18E1F3AAA9A00920C40 /* XLMatrix.h */ = {isa = PBXFileReference; fileEncoding = 4; lastKnownFileType = sourcecode.c.h; path = XLMatrix.h; sourceTree = "<group>"; };
		9BB8B18F1F3AAA9A00920C40 /* XLPoint.h */ = {isa = PBXFileReference; fileEncoding = 4; lastKnownFileType = sourcecode.c.h; path = XLPoint.h; sourceTree = "<group>"; };
		9BB8B1901F3AAA9A00920C40 /* XLSphereView.h */ = {isa = PBXFileReference; fileEncoding = 4; lastKnownFileType = sourcecode.c.h; path = XLSphereView.h; sourceTree = "<group>"; };
		9BB8B1911F3AAA9A00920C40 /* XLSphereView.m */ = {isa = PBXFileReference; fileEncoding = 4; lastKnownFileType = sourcecode.c.objc; path = XLSphereView.m; sourceTree = "<group>"; };
		9BB8B1931F3AAAF800920C40 /* OCBridgeHeader.h */ = {isa = PBXFileReference; lastKnownFileType = sourcecode.c.h; path = OCBridgeHeader.h; sourceTree = "<group>"; };
		9BB8B19C1F3DA75100920C40 /* BaiduMapAPI_Base.framework */ = {isa = PBXFileReference; lastKnownFileType = wrapper.framework; path = BaiduMapAPI_Base.framework; sourceTree = "<group>"; };
		9BB8B19D1F3DA75100920C40 /* BaiduMapAPI_Location.framework */ = {isa = PBXFileReference; lastKnownFileType = wrapper.framework; path = BaiduMapAPI_Location.framework; sourceTree = "<group>"; };
		9BB8B19E1F3DA75100920C40 /* BaiduMapAPI_Map.framework */ = {isa = PBXFileReference; lastKnownFileType = wrapper.framework; path = BaiduMapAPI_Map.framework; sourceTree = "<group>"; };
		9BB8B19F1F3DA75100920C40 /* BaiduMapAPI_Search.framework */ = {isa = PBXFileReference; lastKnownFileType = wrapper.framework; path = BaiduMapAPI_Search.framework; sourceTree = "<group>"; };
		9BB8B1A01F3DA75100920C40 /* BaiduMapAPI_Utils.framework */ = {isa = PBXFileReference; lastKnownFileType = wrapper.framework; path = BaiduMapAPI_Utils.framework; sourceTree = "<group>"; };
		9BB8B1A11F3DA75100920C40 /* mapapi.bundle */ = {isa = PBXFileReference; lastKnownFileType = "wrapper.plug-in"; path = mapapi.bundle; sourceTree = "<group>"; };
		9BB8B1A31F3DA75100920C40 /* libcrypto.a */ = {isa = PBXFileReference; lastKnownFileType = archive.ar; path = libcrypto.a; sourceTree = "<group>"; };
		9BB8B1A41F3DA75100920C40 /* libssl.a */ = {isa = PBXFileReference; lastKnownFileType = archive.ar; path = libssl.a; sourceTree = "<group>"; };
		9BB8B1AE1F3DA84D00920C40 /* CoreTelephony.framework */ = {isa = PBXFileReference; lastKnownFileType = wrapper.framework; name = CoreTelephony.framework; path = System/Library/Frameworks/CoreTelephony.framework; sourceTree = SDKROOT; };
		9BB8B1B01F3DA87400920C40 /* QuartzCore.framework */ = {isa = PBXFileReference; lastKnownFileType = wrapper.framework; name = QuartzCore.framework; path = System/Library/Frameworks/QuartzCore.framework; sourceTree = SDKROOT; };
		9BB8B1B21F3DA88200920C40 /* OpenGLES.framework */ = {isa = PBXFileReference; lastKnownFileType = wrapper.framework; name = OpenGLES.framework; path = System/Library/Frameworks/OpenGLES.framework; sourceTree = SDKROOT; };
		9BB8B1B41F3DA88D00920C40 /* SystemConfiguration.framework */ = {isa = PBXFileReference; lastKnownFileType = wrapper.framework; name = SystemConfiguration.framework; path = System/Library/Frameworks/SystemConfiguration.framework; sourceTree = SDKROOT; };
		9BB8B1B61F3DA89900920C40 /* CoreGraphics.framework */ = {isa = PBXFileReference; lastKnownFileType = wrapper.framework; name = CoreGraphics.framework; path = System/Library/Frameworks/CoreGraphics.framework; sourceTree = SDKROOT; };
		9BB8B1B81F3DA8A100920C40 /* Security.framework */ = {isa = PBXFileReference; lastKnownFileType = wrapper.framework; name = Security.framework; path = System/Library/Frameworks/Security.framework; sourceTree = SDKROOT; };
		9BB8B1BA1F3DA8B300920C40 /* libsqlite3.0.tbd */ = {isa = PBXFileReference; lastKnownFileType = "sourcecode.text-based-dylib-definition"; name = libsqlite3.0.tbd; path = usr/lib/libsqlite3.0.tbd; sourceTree = SDKROOT; };
		9BB8B1BC1F3DA8C800920C40 /* CoreLocation.framework */ = {isa = PBXFileReference; lastKnownFileType = wrapper.framework; name = CoreLocation.framework; path = System/Library/Frameworks/CoreLocation.framework; sourceTree = SDKROOT; };
		9BB8B1BE1F3DA8D200920C40 /* libstdc++.6.0.9.tbd */ = {isa = PBXFileReference; lastKnownFileType = "sourcecode.text-based-dylib-definition"; name = "libstdc++.6.0.9.tbd"; path = "usr/lib/libstdc++.6.0.9.tbd"; sourceTree = SDKROOT; };
		9BB8B1C21F3DAC3400920C40 /* MapSearchViewController.swift */ = {isa = PBXFileReference; fileEncoding = 4; lastKnownFileType = sourcecode.swift; path = MapSearchViewController.swift; sourceTree = "<group>"; };
/* End PBXFileReference section */

/* Begin PBXFrameworksBuildPhase section */
		9B49F7621F2986BD00C0DA86 /* Frameworks */ = {
			isa = PBXFrameworksBuildPhase;
			buildActionMask = 2147483647;
			files = (
				9BB8B1BF1F3DA8D200920C40 /* libstdc++.6.0.9.tbd in Frameworks */,
				9BB8B1BD1F3DA8C800920C40 /* CoreLocation.framework in Frameworks */,
				9BB8B1BB1F3DA8B300920C40 /* libsqlite3.0.tbd in Frameworks */,
				9BB8B1B91F3DA8A100920C40 /* Security.framework in Frameworks */,
				9BB8B1B71F3DA89900920C40 /* CoreGraphics.framework in Frameworks */,
				9BB8B1B51F3DA88D00920C40 /* SystemConfiguration.framework in Frameworks */,
				9BB8B1B31F3DA88200920C40 /* OpenGLES.framework in Frameworks */,
				9BB8B1B11F3DA87400920C40 /* QuartzCore.framework in Frameworks */,
				9BB8B1AF1F3DA84D00920C40 /* CoreTelephony.framework in Frameworks */,
				9BB8B1A51F3DA75100920C40 /* BaiduMapAPI_Base.framework in Frameworks */,
				9BB8B1A61F3DA75100920C40 /* BaiduMapAPI_Location.framework in Frameworks */,
				9BB8B1AC1F3DA75100920C40 /* libssl.a in Frameworks */,
				9BB8B1AB1F3DA75100920C40 /* libcrypto.a in Frameworks */,
				9BB8B1A81F3DA75100920C40 /* BaiduMapAPI_Search.framework in Frameworks */,
				9BB8B1A91F3DA75100920C40 /* BaiduMapAPI_Utils.framework in Frameworks */,
				9BB8B1A71F3DA75100920C40 /* BaiduMapAPI_Map.framework in Frameworks */,
			);
			runOnlyForDeploymentPostprocessing = 0;
		};
		9B49F7761F2986BE00C0DA86 /* Frameworks */ = {
			isa = PBXFrameworksBuildPhase;
			buildActionMask = 2147483647;
			files = (
			);
			runOnlyForDeploymentPostprocessing = 0;
		};
		9B49F7811F2986BF00C0DA86 /* Frameworks */ = {
			isa = PBXFrameworksBuildPhase;
			buildActionMask = 2147483647;
			files = (
			);
			runOnlyForDeploymentPostprocessing = 0;
		};
/* End PBXFrameworksBuildPhase section */

/* Begin PBXGroup section */
		9B49F75C1F2986BD00C0DA86 = {
			isa = PBXGroup;
			children = (
				9B49F7671F2986BE00C0DA86 /* WhereToEatSwift */,
				9B49F77C1F2986BE00C0DA86 /* WhereToEatSwiftTests */,
				9B49F7871F2986BF00C0DA86 /* WhereToEatSwiftUITests */,
				9B49F7661F2986BE00C0DA86 /* Products */,
				9BB8B1AD1F3DA84D00920C40 /* Frameworks */,
			);
			sourceTree = "<group>";
		};
		9B49F7661F2986BE00C0DA86 /* Products */ = {
			isa = PBXGroup;
			children = (
				9B49F7651F2986BE00C0DA86 /* WhereToEatSwift.app */,
				9B49F7791F2986BE00C0DA86 /* WhereToEatSwiftTests.xctest */,
				9B49F7841F2986BF00C0DA86 /* WhereToEatSwiftUITests.xctest */,
			);
			name = Products;
			sourceTree = "<group>";
		};
		9B49F7671F2986BE00C0DA86 /* WhereToEatSwift */ = {
			isa = PBXGroup;
			children = (
				9BB8B17E1F3853D900920C40 /* Classes */,
				9BB8B1851F3853D900920C40 /* Macros */,
				9BB8B1861F3853D900920C40 /* Other */,
				9BB8B1871F3853D900920C40 /* ThirdLibs */,
				9BB8B1881F3853D900920C40 /* ThirdSDK */,
				9B49F76F1F2986BE00C0DA86 /* Assets.xcassets */,
				9B49F7711F2986BE00C0DA86 /* LaunchScreen.storyboard */,
				9B49F7741F2986BE00C0DA86 /* Info.plist */,
			);
			path = WhereToEatSwift;
			sourceTree = "<group>";
		};
		9B49F77C1F2986BE00C0DA86 /* WhereToEatSwiftTests */ = {
			isa = PBXGroup;
			children = (
				9B49F77D1F2986BE00C0DA86 /* WhereToEatSwiftTests.swift */,
				9B49F77F1F2986BF00C0DA86 /* Info.plist */,
			);
			path = WhereToEatSwiftTests;
			sourceTree = "<group>";
		};
		9B49F7871F2986BF00C0DA86 /* WhereToEatSwiftUITests */ = {
			isa = PBXGroup;
			children = (
				9B49F7881F2986BF00C0DA86 /* WhereToEatSwiftUITests.swift */,
				9B49F78A1F2986BF00C0DA86 /* Info.plist */,
			);
			path = WhereToEatSwiftUITests;
			sourceTree = "<group>";
		};
		9BB8B17E1F3853D900920C40 /* Classes */ = {
			isa = PBXGroup;
			children = (
				9BB8B17F1F3853D900920C40 /* Category */,
				9BB8B1801F3853D900920C40 /* Controllers */,
				9BB8B1821F3853D900920C40 /* Manager */,
				9BB8B1831F3853D900920C40 /* Model */,
				9BB8B1841F3853D900920C40 /* View */,
			);
			path = Classes;
			sourceTree = "<group>";
		};
		9BB8B17F1F3853D900920C40 /* Category */ = {
			isa = PBXGroup;
			children = (
			);
			path = Category;
			sourceTree = "<group>";
		};
		9BB8B1801F3853D900920C40 /* Controllers */ = {
			isa = PBXGroup;
			children = (
				9B49F76A1F2986BE00C0DA86 /* ViewController.swift */,
				9BB8B17C1F38534000920C40 /* RootTabbarController.swift */,
				9BB8B1C21F3DAC3400920C40 /* MapSearchViewController.swift */,
				9BB8B1811F3853D900920C40 /* Base */,
			);
			path = Controllers;
			sourceTree = "<group>";
		};
		9BB8B1811F3853D900920C40 /* Base */ = {
			isa = PBXGroup;
			children = (
			);
			path = Base;
			sourceTree = "<group>";
		};
		9BB8B1821F3853D900920C40 /* Manager */ = {
			isa = PBXGroup;
			children = (
			);
			path = Manager;
			sourceTree = "<group>";
		};
		9BB8B1831F3853D900920C40 /* Model */ = {
			isa = PBXGroup;
			children = (
			);
			path = Model;
			sourceTree = "<group>";
		};
		9BB8B1841F3853D900920C40 /* View */ = {
			isa = PBXGroup;
			children = (
				9BB8B1941F3AF9AD00920C40 /* Storyboard */,
			);
			path = View;
			sourceTree = "<group>";
		};
		9BB8B1851F3853D900920C40 /* Macros */ = {
			isa = PBXGroup;
			children = (
				9BB8B18B1F385C8400920C40 /* CommonMacros.swift */,
				9BB8B1931F3AAAF800920C40 /* OCBridgeHeader.h */,
			);
			path = Macros;
			sourceTree = "<group>";
		};
		9BB8B1861F3853D900920C40 /* Other */ = {
			isa = PBXGroup;
			children = (
				9B49F7681F2986BE00C0DA86 /* AppDelegate.swift */,
			);
			path = Other;
			sourceTree = "<group>";
		};
		9BB8B1871F3853D900920C40 /* ThirdLibs */ = {
			isa = PBXGroup;
			children = (
				9BB8B18D1F3AAA9A00920C40 /* SphereView */,
			);
			path = ThirdLibs;
			sourceTree = "<group>";
		};
		9BB8B1881F3853D900920C40 /* ThirdSDK */ = {
			isa = PBXGroup;
			children = (
				9BB8B19B1F3DA75100920C40 /* BaiduMap */,
			);
			path = ThirdSDK;
			sourceTree = "<group>";
		};
		9BB8B18D1F3AAA9A00920C40 /* SphereView */ = {
			isa = PBXGroup;
			children = (
				9BB8B18E1F3AAA9A00920C40 /* XLMatrix.h */,
				9BB8B18F1F3AAA9A00920C40 /* XLPoint.h */,
				9BB8B1901F3AAA9A00920C40 /* XLSphereView.h */,
				9BB8B1911F3AAA9A00920C40 /* XLSphereView.m */,
			);
			path = SphereView;
			sourceTree = "<group>";
		};
		9BB8B1941F3AF9AD00920C40 /* Storyboard */ = {
			isa = PBXGroup;
			children = (
				9B49F76C1F2986BE00C0DA86 /* Main.storyboard */,
			);
			path = Storyboard;
			sourceTree = "<group>";
		};
		9BB8B19B1F3DA75100920C40 /* BaiduMap */ = {
			isa = PBXGroup;
			children = (
				9BB8B19C1F3DA75100920C40 /* BaiduMapAPI_Base.framework */,
				9BB8B19D1F3DA75100920C40 /* BaiduMapAPI_Location.framework */,
				9BB8B19E1F3DA75100920C40 /* BaiduMapAPI_Map.framework */,
				9BB8B19F1F3DA75100920C40 /* BaiduMapAPI_Search.framework */,
				9BB8B1A01F3DA75100920C40 /* BaiduMapAPI_Utils.framework */,
				9BB8B1A11F3DA75100920C40 /* mapapi.bundle */,
				9BB8B1A21F3DA75100920C40 /* thirdlibs */,
			);
			path = BaiduMap;
			sourceTree = "<group>";
		};
		9BB8B1A21F3DA75100920C40 /* thirdlibs */ = {
			isa = PBXGroup;
			children = (
				9BB8B1A31F3DA75100920C40 /* libcrypto.a */,
				9BB8B1A41F3DA75100920C40 /* libssl.a */,
			);
			path = thirdlibs;
			sourceTree = "<group>";
		};
		9BB8B1AD1F3DA84D00920C40 /* Frameworks */ = {
			isa = PBXGroup;
			children = (
				9BB8B1BE1F3DA8D200920C40 /* libstdc++.6.0.9.tbd */,
				9BB8B1BC1F3DA8C800920C40 /* CoreLocation.framework */,
				9BB8B1BA1F3DA8B300920C40 /* libsqlite3.0.tbd */,
				9BB8B1B81F3DA8A100920C40 /* Security.framework */,
				9BB8B1B61F3DA89900920C40 /* CoreGraphics.framework */,
				9BB8B1B41F3DA88D00920C40 /* SystemConfiguration.framework */,
				9BB8B1B21F3DA88200920C40 /* OpenGLES.framework */,
				9BB8B1B01F3DA87400920C40 /* QuartzCore.framework */,
				9BB8B1AE1F3DA84D00920C40 /* CoreTelephony.framework */,
			);
			name = Frameworks;
			sourceTree = "<group>";
		};
/* End PBXGroup section */

/* Begin PBXNativeTarget section */
		9B49F7641F2986BD00C0DA86 /* WhereToEatSwift */ = {
			isa = PBXNativeTarget;
			buildConfigurationList = 9B49F78D1F2986BF00C0DA86 /* Build configuration list for PBXNativeTarget "WhereToEatSwift" */;
			buildPhases = (
				9B49F7611F2986BD00C0DA86 /* Sources */,
				9B49F7621F2986BD00C0DA86 /* Frameworks */,
				9B49F7631F2986BD00C0DA86 /* Resources */,
			);
			buildRules = (
			);
			dependencies = (
			);
			name = WhereToEatSwift;
			productName = WhereToEatSwift;
			productReference = 9B49F7651F2986BE00C0DA86 /* WhereToEatSwift.app */;
			productType = "com.apple.product-type.application";
		};
		9B49F7781F2986BE00C0DA86 /* WhereToEatSwiftTests */ = {
			isa = PBXNativeTarget;
			buildConfigurationList = 9B49F7901F2986BF00C0DA86 /* Build configuration list for PBXNativeTarget "WhereToEatSwiftTests" */;
			buildPhases = (
				9B49F7751F2986BE00C0DA86 /* Sources */,
				9B49F7761F2986BE00C0DA86 /* Frameworks */,
				9B49F7771F2986BE00C0DA86 /* Resources */,
			);
			buildRules = (
			);
			dependencies = (
				9B49F77B1F2986BE00C0DA86 /* PBXTargetDependency */,
			);
			name = WhereToEatSwiftTests;
			productName = WhereToEatSwiftTests;
			productReference = 9B49F7791F2986BE00C0DA86 /* WhereToEatSwiftTests.xctest */;
			productType = "com.apple.product-type.bundle.unit-test";
		};
		9B49F7831F2986BF00C0DA86 /* WhereToEatSwiftUITests */ = {
			isa = PBXNativeTarget;
			buildConfigurationList = 9B49F7931F2986BF00C0DA86 /* Build configuration list for PBXNativeTarget "WhereToEatSwiftUITests" */;
			buildPhases = (
				9B49F7801F2986BF00C0DA86 /* Sources */,
				9B49F7811F2986BF00C0DA86 /* Frameworks */,
				9B49F7821F2986BF00C0DA86 /* Resources */,
			);
			buildRules = (
			);
			dependencies = (
				9B49F7861F2986BF00C0DA86 /* PBXTargetDependency */,
			);
			name = WhereToEatSwiftUITests;
			productName = WhereToEatSwiftUITests;
			productReference = 9B49F7841F2986BF00C0DA86 /* WhereToEatSwiftUITests.xctest */;
			productType = "com.apple.product-type.bundle.ui-testing";
		};
/* End PBXNativeTarget section */

/* Begin PBXProject section */
		9B49F75D1F2986BD00C0DA86 /* Project object */ = {
			isa = PBXProject;
			attributes = {
				LastSwiftUpdateCheck = 0830;
				LastUpgradeCheck = 0830;
				ORGANIZATIONNAME = com.WLTech;
				TargetAttributes = {
					9B49F7641F2986BD00C0DA86 = {
						CreatedOnToolsVersion = 8.3.3;
						DevelopmentTeam = D5PE98ZY97;
						ProvisioningStyle = Automatic;
					};
					9B49F7781F2986BE00C0DA86 = {
						CreatedOnToolsVersion = 8.3.3;
						DevelopmentTeam = D5PE98ZY97;
						ProvisioningStyle = Automatic;
						TestTargetID = 9B49F7641F2986BD00C0DA86;
					};
					9B49F7831F2986BF00C0DA86 = {
						CreatedOnToolsVersion = 8.3.3;
						DevelopmentTeam = D5PE98ZY97;
						ProvisioningStyle = Automatic;
						TestTargetID = 9B49F7641F2986BD00C0DA86;
					};
				};
			};
			buildConfigurationList = 9B49F7601F2986BD00C0DA86 /* Build configuration list for PBXProject "WhereToEatSwift" */;
			compatibilityVersion = "Xcode 3.2";
			developmentRegion = English;
			hasScannedForEncodings = 0;
			knownRegions = (
				en,
				Base,
			);
			mainGroup = 9B49F75C1F2986BD00C0DA86;
			productRefGroup = 9B49F7661F2986BE00C0DA86 /* Products */;
			projectDirPath = "";
			projectRoot = "";
			targets = (
				9B49F7641F2986BD00C0DA86 /* WhereToEatSwift */,
				9B49F7781F2986BE00C0DA86 /* WhereToEatSwiftTests */,
				9B49F7831F2986BF00C0DA86 /* WhereToEatSwiftUITests */,
			);
		};
/* End PBXProject section */

/* Begin PBXResourcesBuildPhase section */
		9B49F7631F2986BD00C0DA86 /* Resources */ = {
			isa = PBXResourcesBuildPhase;
			buildActionMask = 2147483647;
			files = (
				9B49F7731F2986BE00C0DA86 /* LaunchScreen.storyboard in Resources */,
				9BB8B1AA1F3DA75100920C40 /* mapapi.bundle in Resources */,
				9B49F7701F2986BE00C0DA86 /* Assets.xcassets in Resources */,
				9B49F76E1F2986BE00C0DA86 /* Main.storyboard in Resources */,
			);
			runOnlyForDeploymentPostprocessing = 0;
		};
		9B49F7771F2986BE00C0DA86 /* Resources */ = {
			isa = PBXResourcesBuildPhase;
			buildActionMask = 2147483647;
			files = (
			);
			runOnlyForDeploymentPostprocessing = 0;
		};
		9B49F7821F2986BF00C0DA86 /* Resources */ = {
			isa = PBXResourcesBuildPhase;
			buildActionMask = 2147483647;
			files = (
			);
			runOnlyForDeploymentPostprocessing = 0;
		};
/* End PBXResourcesBuildPhase section */

/* Begin PBXSourcesBuildPhase section */
		9B49F7611F2986BD00C0DA86 /* Sources */ = {
			isa = PBXSourcesBuildPhase;
			buildActionMask = 2147483647;
			files = (
				9B49F76B1F2986BE00C0DA86 /* ViewController.swift in Sources */,
				9BB8B1C31F3DAC3400920C40 /* MapSearchViewController.swift in Sources */,
				9BB8B17D1F38534000920C40 /* RootTabbarController.swift in Sources */,
				9B49F7691F2986BE00C0DA86 /* AppDelegate.swift in Sources */,
				9BB8B18C1F385C8400920C40 /* CommonMacros.swift in Sources */,
				9BB8B1921F3AAA9A00920C40 /* XLSphereView.m in Sources */,
			);
			runOnlyForDeploymentPostprocessing = 0;
		};
		9B49F7751F2986BE00C0DA86 /* Sources */ = {
			isa = PBXSourcesBuildPhase;
			buildActionMask = 2147483647;
			files = (
				9B49F77E1F2986BE00C0DA86 /* WhereToEatSwiftTests.swift in Sources */,
			);
			runOnlyForDeploymentPostprocessing = 0;
		};
		9B49F7801F2986BF00C0DA86 /* Sources */ = {
			isa = PBXSourcesBuildPhase;
			buildActionMask = 2147483647;
			files = (
				9B49F7891F2986BF00C0DA86 /* WhereToEatSwiftUITests.swift in Sources */,
			);
			runOnlyForDeploymentPostprocessing = 0;
		};
/* End PBXSourcesBuildPhase section */

/* Begin PBXTargetDependency section */
		9B49F77B1F2986BE00C0DA86 /* PBXTargetDependency */ = {
			isa = PBXTargetDependency;
			target = 9B49F7641F2986BD00C0DA86 /* WhereToEatSwift */;
			targetProxy = 9B49F77A1F2986BE00C0DA86 /* PBXContainerItemProxy */;
		};
		9B49F7861F2986BF00C0DA86 /* PBXTargetDependency */ = {
			isa = PBXTargetDependency;
			target = 9B49F7641F2986BD00C0DA86 /* WhereToEatSwift */;
			targetProxy = 9B49F7851F2986BF00C0DA86 /* PBXContainerItemProxy */;
		};
/* End PBXTargetDependency section */

/* Begin PBXVariantGroup section */
		9B49F76C1F2986BE00C0DA86 /* Main.storyboard */ = {
			isa = PBXVariantGroup;
			children = (
				9B49F76D1F2986BE00C0DA86 /* Base */,
			);
			name = Main.storyboard;
			path = ../../..;
			sourceTree = "<group>";
		};
		9B49F7711F2986BE00C0DA86 /* LaunchScreen.storyboard */ = {
			isa = PBXVariantGroup;
			children = (
				9B49F7721F2986BE00C0DA86 /* Base */,
			);
			name = LaunchScreen.storyboard;
			sourceTree = "<group>";
		};
/* End PBXVariantGroup section */

/* Begin XCBuildConfiguration section */
		9B49F78B1F2986BF00C0DA86 /* Debug */ = {
			isa = XCBuildConfiguration;
			buildSettings = {
				ALWAYS_SEARCH_USER_PATHS = NO;
				CLANG_ANALYZER_NONNULL = YES;
				CLANG_ANALYZER_NUMBER_OBJECT_CONVERSION = YES_AGGRESSIVE;
				CLANG_CXX_LANGUAGE_STANDARD = "gnu++0x";
				CLANG_CXX_LIBRARY = "libc++";
				CLANG_ENABLE_MODULES = YES;
				CLANG_ENABLE_OBJC_ARC = YES;
				CLANG_WARN_BOOL_CONVERSION = YES;
				CLANG_WARN_CONSTANT_CONVERSION = YES;
				CLANG_WARN_DIRECT_OBJC_ISA_USAGE = YES_ERROR;
				CLANG_WARN_DOCUMENTATION_COMMENTS = YES;
				CLANG_WARN_EMPTY_BODY = YES;
				CLANG_WARN_ENUM_CONVERSION = YES;
				CLANG_WARN_INFINITE_RECURSION = YES;
				CLANG_WARN_INT_CONVERSION = YES;
				CLANG_WARN_OBJC_ROOT_CLASS = YES_ERROR;
				CLANG_WARN_SUSPICIOUS_MOVE = YES;
				CLANG_WARN_UNREACHABLE_CODE = YES;
				CLANG_WARN__DUPLICATE_METHOD_MATCH = YES;
				"CODE_SIGN_IDENTITY[sdk=iphoneos*]" = "iPhone Developer";
				COPY_PHASE_STRIP = NO;
				DEBUG_INFORMATION_FORMAT = dwarf;
				ENABLE_STRICT_OBJC_MSGSEND = YES;
				ENABLE_TESTABILITY = YES;
				GCC_C_LANGUAGE_STANDARD = gnu99;
				GCC_DYNAMIC_NO_PIC = NO;
				GCC_NO_COMMON_BLOCKS = YES;
				GCC_OPTIMIZATION_LEVEL = 0;
				GCC_PREPROCESSOR_DEFINITIONS = (
					"DEBUG=1",
					"$(inherited)",
				);
				GCC_WARN_64_TO_32_BIT_CONVERSION = YES;
				GCC_WARN_ABOUT_RETURN_TYPE = YES_ERROR;
				GCC_WARN_UNDECLARED_SELECTOR = YES;
				GCC_WARN_UNINITIALIZED_AUTOS = YES_AGGRESSIVE;
				GCC_WARN_UNUSED_FUNCTION = YES;
				GCC_WARN_UNUSED_VARIABLE = YES;
				IPHONEOS_DEPLOYMENT_TARGET = 10.3;
				MTL_ENABLE_DEBUG_INFO = YES;
				ONLY_ACTIVE_ARCH = YES;
				SDKROOT = iphoneos;
				SWIFT_ACTIVE_COMPILATION_CONDITIONS = DEBUG;
				SWIFT_OPTIMIZATION_LEVEL = "-Onone";
			};
			name = Debug;
		};
		9B49F78C1F2986BF00C0DA86 /* Release */ = {
			isa = XCBuildConfiguration;
			buildSettings = {
				ALWAYS_SEARCH_USER_PATHS = NO;
				CLANG_ANALYZER_NONNULL = YES;
				CLANG_ANALYZER_NUMBER_OBJECT_CONVERSION = YES_AGGRESSIVE;
				CLANG_CXX_LANGUAGE_STANDARD = "gnu++0x";
				CLANG_CXX_LIBRARY = "libc++";
				CLANG_ENABLE_MODULES = YES;
				CLANG_ENABLE_OBJC_ARC = YES;
				CLANG_WARN_BOOL_CONVERSION = YES;
				CLANG_WARN_CONSTANT_CONVERSION = YES;
				CLANG_WARN_DIRECT_OBJC_ISA_USAGE = YES_ERROR;
				CLANG_WARN_DOCUMENTATION_COMMENTS = YES;
				CLANG_WARN_EMPTY_BODY = YES;
				CLANG_WARN_ENUM_CONVERSION = YES;
				CLANG_WARN_INFINITE_RECURSION = YES;
				CLANG_WARN_INT_CONVERSION = YES;
				CLANG_WARN_OBJC_ROOT_CLASS = YES_ERROR;
				CLANG_WARN_SUSPICIOUS_MOVE = YES;
				CLANG_WARN_UNREACHABLE_CODE = YES;
				CLANG_WARN__DUPLICATE_METHOD_MATCH = YES;
				"CODE_SIGN_IDENTITY[sdk=iphoneos*]" = "iPhone Developer";
				COPY_PHASE_STRIP = NO;
				DEBUG_INFORMATION_FORMAT = "dwarf-with-dsym";
				ENABLE_NS_ASSERTIONS = NO;
				ENABLE_STRICT_OBJC_MSGSEND = YES;
				GCC_C_LANGUAGE_STANDARD = gnu99;
				GCC_NO_COMMON_BLOCKS = YES;
				GCC_WARN_64_TO_32_BIT_CONVERSION = YES;
				GCC_WARN_ABOUT_RETURN_TYPE = YES_ERROR;
				GCC_WARN_UNDECLARED_SELECTOR = YES;
				GCC_WARN_UNINITIALIZED_AUTOS = YES_AGGRESSIVE;
				GCC_WARN_UNUSED_FUNCTION = YES;
				GCC_WARN_UNUSED_VARIABLE = YES;
				IPHONEOS_DEPLOYMENT_TARGET = 10.3;
				MTL_ENABLE_DEBUG_INFO = NO;
				SDKROOT = iphoneos;
				SWIFT_OPTIMIZATION_LEVEL = "-Owholemodule";
				VALIDATE_PRODUCT = YES;
			};
			name = Release;
		};
		9B49F78E1F2986BF00C0DA86 /* Debug */ = {
			isa = XCBuildConfiguration;
			buildSettings = {
				ASSETCATALOG_COMPILER_APPICON_NAME = AppIcon;
				DEVELOPMENT_TEAM = D5PE98ZY97;
				FRAMEWORK_SEARCH_PATHS = (
					"$(inherited)",
					"$(PROJECT_DIR)/WhereToEatSwift/ThirdSDK/BaiduMap",
				);
				INFOPLIST_FILE = WhereToEatSwift/Info.plist;
				LD_RUNPATH_SEARCH_PATHS = "$(inherited) @executable_path/Frameworks";
				LIBRARY_SEARCH_PATHS = (
					"$(inherited)",
					"$(PROJECT_DIR)/WhereToEatSwift/ThirdSDK/BaiduMap/thirdlibs",
				);
				OTHER_LDFLAGS = "-ObjC";
				PRODUCT_BUNDLE_IDENTIFIER = com.WLTech.WhereToEatSwift;
				PRODUCT_NAME = "$(TARGET_NAME)";
				SWIFT_OBJC_BRIDGING_HEADER = /Users/wanglei/Desktop/WhereToEatSwift/WhereToEatSwift/Macros/OCBridgeHeader.h;
				SWIFT_VERSION = 3.0;
			};
			name = Debug;
		};
		9B49F78F1F2986BF00C0DA86 /* Release */ = {
			isa = XCBuildConfiguration;
			buildSettings = {
				ASSETCATALOG_COMPILER_APPICON_NAME = AppIcon;
				DEVELOPMENT_TEAM = D5PE98ZY97;
				FRAMEWORK_SEARCH_PATHS = (
					"$(inherited)",
					"$(PROJECT_DIR)/WhereToEatSwift/ThirdSDK/BaiduMap",
				);
				INFOPLIST_FILE = WhereToEatSwift/Info.plist;
				LD_RUNPATH_SEARCH_PATHS = "$(inherited) @executable_path/Frameworks";
				LIBRARY_SEARCH_PATHS = (
					"$(inherited)",
					"$(PROJECT_DIR)/WhereToEatSwift/ThirdSDK/BaiduMap/thirdlibs",
				);
				OTHER_LDFLAGS = "-ObjC";
				PRODUCT_BUNDLE_IDENTIFIER = com.WLTech.WhereToEatSwift;
				PRODUCT_NAME = "$(TARGET_NAME)";
				SWIFT_OBJC_BRIDGING_HEADER = /Users/wanglei/Desktop/WhereToEatSwift/WhereToEatSwift/Macros/OCBridgeHeader.h;
				SWIFT_VERSION = 3.0;
			};
			name = Release;
		};
		9B49F7911F2986BF00C0DA86 /* Debug */ = {
			isa = XCBuildConfiguration;
			buildSettings = {
				ALWAYS_EMBED_SWIFT_STANDARD_LIBRARIES = YES;
				BUNDLE_LOADER = "$(TEST_HOST)";
				DEVELOPMENT_TEAM = D5PE98ZY97;
				INFOPLIST_FILE = WhereToEatSwiftTests/Info.plist;
				LD_RUNPATH_SEARCH_PATHS = "$(inherited) @executable_path/Frameworks @loader_path/Frameworks";
				PRODUCT_BUNDLE_IDENTIFIER = com.WLTech.WhereToEatSwiftTests;
				PRODUCT_NAME = "$(TARGET_NAME)";
				SWIFT_VERSION = 3.0;
				TEST_HOST = "$(BUILT_PRODUCTS_DIR)/WhereToEatSwift.app/WhereToEatSwift";
			};
			name = Debug;
		};
		9B49F7921F2986BF00C0DA86 /* Release */ = {
			isa = XCBuildConfiguration;
			buildSettings = {
				ALWAYS_EMBED_SWIFT_STANDARD_LIBRARIES = YES;
				BUNDLE_LOADER = "$(TEST_HOST)";
				DEVELOPMENT_TEAM = D5PE98ZY97;
				INFOPLIST_FILE = WhereToEatSwiftTests/Info.plist;
				LD_RUNPATH_SEARCH_PATHS = "$(inherited) @executable_path/Frameworks @loader_path/Frameworks";
				PRODUCT_BUNDLE_IDENTIFIER = com.WLTech.WhereToEatSwiftTests;
				PRODUCT_NAME = "$(TARGET_NAME)";
				SWIFT_VERSION = 3.0;
				TEST_HOST = "$(BUILT_PRODUCTS_DIR)/WhereToEatSwift.app/WhereToEatSwift";
			};
			name = Release;
		};
		9B49F7941F2986BF00C0DA86 /* Debug */ = {
			isa = XCBuildConfiguration;
			buildSettings = {
				ALWAYS_EMBED_SWIFT_STANDARD_LIBRARIES = YES;
				DEVELOPMENT_TEAM = D5PE98ZY97;
				INFOPLIST_FILE = WhereToEatSwiftUITests/Info.plist;
				LD_RUNPATH_SEARCH_PATHS = "$(inherited) @executable_path/Frameworks @loader_path/Frameworks";
				PRODUCT_BUNDLE_IDENTIFIER = com.WLTech.WhereToEatSwiftUITests;
				PRODUCT_NAME = "$(TARGET_NAME)";
				SWIFT_VERSION = 3.0;
				TEST_TARGET_NAME = WhereToEatSwift;
			};
			name = Debug;
		};
		9B49F7951F2986BF00C0DA86 /* Release */ = {
			isa = XCBuildConfiguration;
			buildSettings = {
				ALWAYS_EMBED_SWIFT_STANDARD_LIBRARIES = YES;
				DEVELOPMENT_TEAM = D5PE98ZY97;
				INFOPLIST_FILE = WhereToEatSwiftUITests/Info.plist;
				LD_RUNPATH_SEARCH_PATHS = "$(inherited) @executable_path/Frameworks @loader_path/Frameworks";
				PRODUCT_BUNDLE_IDENTIFIER = com.WLTech.WhereToEatSwiftUITests;
				PRODUCT_NAME = "$(TARGET_NAME)";
				SWIFT_VERSION = 3.0;
				TEST_TARGET_NAME = WhereToEatSwift;
			};
			name = Release;
		};
/* End XCBuildConfiguration section */

/* Begin XCConfigurationList section */
		9B49F7601F2986BD00C0DA86 /* Build configuration list for PBXProject "WhereToEatSwift" */ = {
			isa = XCConfigurationList;
			buildConfigurations = (
				9B49F78B1F2986BF00C0DA86 /* Debug */,
				9B49F78C1F2986BF00C0DA86 /* Release */,
			);
			defaultConfigurationIsVisible = 0;
			defaultConfigurationName = Release;
		};
		9B49F78D1F2986BF00C0DA86 /* Build configuration list for PBXNativeTarget "WhereToEatSwift" */ = {
			isa = XCConfigurationList;
			buildConfigurations = (
				9B49F78E1F2986BF00C0DA86 /* Debug */,
				9B49F78F1F2986BF00C0DA86 /* Release */,
			);
			defaultConfigurationIsVisible = 0;
			defaultConfigurationName = Release;
		};
		9B49F7901F2986BF00C0DA86 /* Build configuration list for PBXNativeTarget "WhereToEatSwiftTests" */ = {
			isa = XCConfigurationList;
			buildConfigurations = (
				9B49F7911F2986BF00C0DA86 /* Debug */,
				9B49F7921F2986BF00C0DA86 /* Release */,
			);
			defaultConfigurationIsVisible = 0;
			defaultConfigurationName = Release;
		};
		9B49F7931F2986BF00C0DA86 /* Build configuration list for PBXNativeTarget "WhereToEatSwiftUITests" */ = {
			isa = XCConfigurationList;
			buildConfigurations = (
				9B49F7941F2986BF00C0DA86 /* Debug */,
				9B49F7951F2986BF00C0DA86 /* Release */,
			);
			defaultConfigurationIsVisible = 0;
			defaultConfigurationName = Release;
		};
/* End XCConfigurationList section */
	};
	rootObject = 9B49F75D1F2986BD00C0DA86 /* Project object */;
}
